# This file is generated by running "yarn install" inside your project.
# Manual changes might be lost - proceed with caution!

__metadata:
  version: 8
  cacheKey: 10c0

"circleci-export@workspace:.":
  version: 0.0.0-use.local
  resolution: "circleci-export@workspace:."
  dependencies:
    esm: "npm:^3.2.25"
    lodash: "npm:^4.18.1"
  bin:
    export-ci: bin/export-ci.js
  languageName: unknown
  linkType: soft

"esm@npm:^3.2.25":
  version: 3.2.25
  resolution: "esm@npm:3.2.25"
  checksum: 10c0/8e60e8075506a7ce28681c30c8f54623fe18a251c364cd481d86719fc77f58aa055b293d80632d9686d5408aaf865ffa434897dc9fd9153c8b3f469fad23f094
  languageName: node
  linkType: hard

"lodash@npm:^4.18.1":
  version: 4.18.1
  resolution: "lodash@npm:4.18.1"
  checksum: 10c0/757228fc68805c59789e82185135cf85f05d0b2d3d54631d680ca79ec21944ec8314d4533639a14b8bcfbd97a517e78960933041a5af17ecb693ec6eecb99a27
  languageName: node
  linkType: hard
